
Microsoft Visual Studio Solution File, Format Version 11.00
# Visual Studio 2010
Project("{FAE04EC0-301F-11D3-BF4B-00C04F79EFBC}") = "WSAgribank", "WSAgribank\WSAgribank.csproj", "{09341880-5348-46F6-B05B-123AD8321933}"
EndProject
Global
	GlobalSection(SolutionConfigurationPlatforms) = preSolution
		Debug|Any CPU = Debug|Any CPU
		Release|Any CPU = Release|Any CPU
	EndGlobalSection
	GlobalSection(ProjectConfigurationPlatforms) = postSolution
		{09341880-5348-46F6-B05B-123AD8321933}.Debug|Any CPU.ActiveCfg = Debug|Any CPU
		{09341880-5348-46F6-B05B-123AD8321933}.Debug|Any CPU.Build.0 = Debug|Any CPU
		{09341880-5348-46F6-B05B-123AD8321933}.Release|Any CPU.ActiveCfg = Release|Any CPU
		{09341880-5348-46F6-B05B-123AD8321933}.Release|Any CPU.Build.0 = Release|Any CPU
	EndGlobalSection
	GlobalSection(SolutionProperties) = preSolution
		HideSolutionNode = FALSE
	EndGlobalSection
EndGlobal
